// !$*UTF8*$!
{
	archiveVersion = 1;
	classes = {
	};
	objectVersion = 51;
	objects = {

/* Begin PBXBuildFile section */
		039F4A115092D0C7952D2A89 /* Pods_CMGO.framework in Frameworks */ = {isa = PBXBuildFile; fileRef = 871F74E7642359D457C57C76 /* Pods_CMGO.framework */; };
		FC0A444823215DC4009338A7 /* CedulaTableViewCell.swift in Sources */ = {isa = PBXBuildFile; fileRef = FC0A444723215DC4009338A7 /* CedulaTableViewCell.swift */; };
		FC0A444A23215F27009338A7 /* CedTableViewCell.swift in Sources */ = {isa = PBXBuildFile; fileRef = FC0A444923215F27009338A7 /* CedTableViewCell.swift */; };
		FC0DA237234032B60076549D /* VigenciaTabViewController.swift in Sources */ = {isa = PBXBuildFile; fileRef = FC0DA236234032B60076549D /* VigenciaTabViewController.swift */; };
		FC0DA239234038ED0076549D /* ColorPalette.swift in Sources */ = {isa = PBXBuildFile; fileRef = FC0DA238234038ED0076549D /* ColorPalette.swift */; };
		FC0DA23B23403EDA0076549D /* InstructionsViewController.swift in Sources */ = {isa = PBXBuildFile; fileRef = FC0DA23A23403EDA0076549D /* InstructionsViewController.swift */; };
		FC0DA23D234052470076549D /* SubmitTextCodeViewController.swift in Sources */ = {isa = PBXBuildFile; fileRef = FC0DA23C234052470076549D /* SubmitTextCodeViewController.swift */; };
		FC34BD0B230BA67400C5B7E2 /* AppDelegate.swift in Sources */ = {isa = PBXBuildFile; fileRef = FC34BD0A230BA67400C5B7E2 /* AppDelegate.swift */; };
		FC34BD0D230BA67400C5B7E2 /* ViewController.swift in Sources */ = {isa = PBXBuildFile; fileRef = FC34BD0C230BA67400C5B7E2 /* ViewController.swift */; };
		FC34BD10230BA67400C5B7E2 /* Main.storyboard in Resources */ = {isa = PBXBuildFile; fileRef = FC34BD0E230BA67400C5B7E2 /* Main.storyboard */; };
		FC34BD12230BA67700C5B7E2 /* Assets.xcassets in Resources */ = {isa = PBXBuildFile; fileRef = FC34BD11230BA67700C5B7E2 /* Assets.xcassets */; };
		FC34BD15230BA67700C5B7E2 /* LaunchScreen.storyboard in Resources */ = {isa = PBXBuildFile; fileRef = FC34BD13230BA67700C5B7E2 /* LaunchScreen.storyboard */; };
		FC3E4B3D23424512005B6860 /* MenuViewController.swift in Sources */ = {isa = PBXBuildFile; fileRef = FC3E4B3C23424512005B6860 /* MenuViewController.swift */; };
		FC4BED162344285B000A7A88 /* ExamenTabViewController.swift in Sources */ = {isa = PBXBuildFile; fileRef = FC4BED152344285B000A7A88 /* ExamenTabViewController.swift */; };
		FC4BED1923442B21000A7A88 /* ExamenCertViewController.swift in Sources */ = {isa = PBXBuildFile; fileRef = FC4BED1823442B21000A7A88 /* ExamenCertViewController.swift */; };
		FC4BED1B2344563F000A7A88 /* EventosTabViewController.swift in Sources */ = {isa = PBXBuildFile; fileRef = FC4BED1A2344563F000A7A88 /* EventosTabViewController.swift */; };
		FC4BED1D23446DB2000A7A88 /* Evento.swift in Sources */ = {isa = PBXBuildFile; fileRef = FC4BED1C23446DB2000A7A88 /* Evento.swift */; };
		FC4BED1F23447191000A7A88 /* Tema.swift in Sources */ = {isa = PBXBuildFile; fileRef = FC4BED1E23447191000A7A88 /* Tema.swift */; };
		FC4BED212344769A000A7A88 /* EventoDetalleViewController.swift in Sources */ = {isa = PBXBuildFile; fileRef = FC4BED202344769A000A7A88 /* EventoDetalleViewController.swift */; };
		FC4BED232344F3EF000A7A88 /* AreasOportunidadViewController.swift in Sources */ = {isa = PBXBuildFile; fileRef = FC4BED222344F3EF000A7A88 /* AreasOportunidadViewController.swift */; };
		FC4BED252344F6B0000A7A88 /* Area.swift in Sources */ = {isa = PBXBuildFile; fileRef = FC4BED242344F6B0000A7A88 /* Area.swift */; };
		FC4D11D8231A15B300AD08E2 /* ContactoViewController.swift in Sources */ = {isa = PBXBuildFile; fileRef = FC4D11D7231A15B300AD08E2 /* ContactoViewController.swift */; };
		FC5EB2C32345868300B57069 /* TemaParent.swift in Sources */ = {isa = PBXBuildFile; fileRef = FC5EB2C22345868300B57069 /* TemaParent.swift */; };
		FC63A5952318E9B5002B201E /* LoginViewController.swift in Sources */ = {isa = PBXBuildFile; fileRef = FC63A5942318E9B5002B201E /* LoginViewController.swift */; };
		FC7316FA2320ACA000DF5F48 /* ExamenDetalleViewController.swift in Sources */ = {isa = PBXBuildFile; fileRef = FC7316F92320ACA000DF5F48 /* ExamenDetalleViewController.swift */; };
		FC7316FC2320B9AD00DF5F48 /* MedicosCertificadosViewController.swift in Sources */ = {isa = PBXBuildFile; fileRef = FC7316FB2320B9AD00DF5F48 /* MedicosCertificadosViewController.swift */; };
		FC7316FE23214CCF00DF5F48 /* CedulaViewController.swift in Sources */ = {isa = PBXBuildFile; fileRef = FC7316FD23214CCF00DF5F48 /* CedulaViewController.swift */; };
		FC7317022321546700DF5F48 /* CedulaItem.swift in Sources */ = {isa = PBXBuildFile; fileRef = FC7317012321546700DF5F48 /* CedulaItem.swift */; };
		FC73A388231EAA3C0003751B /* Test.swift in Sources */ = {isa = PBXBuildFile; fileRef = FC73A387231EAA3C0003751B /* Test.swift */; };
		FC73A38A231EAB760003751B /* TestDate.swift in Sources */ = {isa = PBXBuildFile; fileRef = FC73A389231EAB760003751B /* TestDate.swift */; };
		FC73A38D231EB4980003751B /* TestTableViewCell.swift in Sources */ = {isa = PBXBuildFile; fileRef = FC73A38C231EB4980003751B /* TestTableViewCell.swift */; };
		FC8BBD53234D8FA900EE8BE1 /* MiAgendaViewController.swift in Sources */ = {isa = PBXBuildFile; fileRef = FC8BBD52234D8FA900EE8BE1 /* MiAgendaViewController.swift */; };
		FC8BBD55234DC18700EE8BE1 /* Notifications.swift in Sources */ = {isa = PBXBuildFile; fileRef = FC8BBD54234DC18700EE8BE1 /* Notifications.swift */; };
		FCA0AEAA231604FE003BC16F /* Slide.swift in Sources */ = {isa = PBXBuildFile; fileRef = FCA0AEA9231604FE003BC16F /* Slide.swift */; };
		FCA0AEAD23160C61003BC16F /* Utils.swift in Sources */ = {isa = PBXBuildFile; fileRef = FCA0AEAC23160C61003BC16F /* Utils.swift */; };
		FCA0AEAF23161410003BC16F /* EventosViewController.swift in Sources */ = {isa = PBXBuildFile; fileRef = FCA0AEAE23161410003BC16F /* EventosViewController.swift */; };
		FCA0AEB123161446003BC16F /* ExamenViewController.swift in Sources */ = {isa = PBXBuildFile; fileRef = FCA0AEB023161446003BC16F /* ExamenViewController.swift */; };
		FCEBF212235FB2ED001BB133 /* AreaTemasViewController.swift in Sources */ = {isa = PBXBuildFile; fileRef = FCEBF211235FB2ED001BB133 /* AreaTemasViewController.swift */; };
		FCEEBD3B23496F1F008C4783 /* LogoutViewController.swift in Sources */ = {isa = PBXBuildFile; fileRef = FCEEBD3A23496F1F008C4783 /* LogoutViewController.swift */; };
		FCFC02AB234177420005BACC /* ScannerViewController.swift in Sources */ = {isa = PBXBuildFile; fileRef = FCFC02AA234177410005BACC /* ScannerViewController.swift */; };
		FCFC02AD23417B9D0005BACC /* QRScannerViewController.swift in Sources */ = {isa = PBXBuildFile; fileRef = FCFC02AC23417B9D0005BACC /* QRScannerViewController.swift */; };
		FCFC02AF23417F710005BACC /* NetworkManager.swift in Sources */ = {isa = PBXBuildFile; fileRef = FCFC02AE23417F710005BACC /* NetworkManager.swift */; };
		FCFC02B223419B950005BACC /* NoticiasViewController.swift in Sources */ = {isa = PBXBuildFile; fileRef = FCFC02B123419B950005BACC /* NoticiasViewController.swift */; };
		FCFC02B723419D360005BACC /* BlogViewController.swift in Sources */ = {isa = PBXBuildFile; fileRef = FCFC02B623419D360005BACC /* BlogViewController.swift */; };
		FCFC02B923419D420005BACC /* RedesViewController.swift in Sources */ = {isa = PBXBuildFile; fileRef = FCFC02B823419D420005BACC /* RedesViewController.swift */; };
		FCFE71E4234E53D9008EDF38 /* GoogleService-Info.plist in Resources */ = {isa = PBXBuildFile; fileRef = FCFE71E3234E53D8008EDF38 /* GoogleService-Info.plist */; };
/* End PBXBuildFile section */

/* Begin PBXFileReference section */
		01DAF0A909501F6EA05DDCE6 /* Pods-CMGO.debug.xcconfig */ = {isa = PBXFileReference; includeInIndex = 1; lastKnownFileType = text.xcconfig; name = "Pods-CMGO.debug.xcconfig"; path = "Target Support Files/Pods-CMGO/Pods-CMGO.debug.xcconfig"; sourceTree = "<group>"; };
		871F74E7642359D457C57C76 /* Pods_CMGO.framework */ = {isa = PBXFileReference; explicitFileType = wrapper.framework; includeInIndex = 0; path = Pods_CMGO.framework; sourceTree = BUILT_PRODUCTS_DIR; };
		BD11CE6B6C221C821AE88B67 /* Pods-CMGO.release.xcconfig */ = {isa = PBXFileReference; includeInIndex = 1; lastKnownFileType = text.xcconfig; name = "Pods-CMGO.release.xcconfig"; path = "Target Support Files/Pods-CMGO/Pods-CMGO.release.xcconfig"; sourceTree = "<group>"; };
		FC0A444723215DC4009338A7 /* CedulaTableViewCell.swift */ = {isa = PBXFileReference; lastKnownFileType = sourcecode.swift; path = CedulaTableViewCell.swift; sourceTree = "<group>"; };
		FC0A444923215F27009338A7 /* CedTableViewCell.swift */ = {isa = PBXFileReference; lastKnownFileType = sourcecode.swift; path = CedTableViewCell.swift; sourceTree = "<group>"; };
		FC0DA236234032B60076549D /* VigenciaTabViewController.swift */ = {isa = PBXFileReference; lastKnownFileType = sourcecode.swift; path = VigenciaTabViewController.swift; sourceTree = "<group>"; };
		FC0DA238234038ED0076549D /* ColorPalette.swift */ = {isa = PBXFileReference; lastKnownFileType = sourcecode.swift; path = ColorPalette.swift; sourceTree = "<group>"; };
		FC0DA23A23403EDA0076549D /* InstructionsViewController.swift */ = {isa = PBXFileReference; lastKnownFileType = sourcecode.swift; path = InstructionsViewController.swift; sourceTree = "<group>"; };
		FC0DA23C234052470076549D /* SubmitTextCodeViewController.swift */ = {isa = PBXFileReference; lastKnownFileType = sourcecode.swift; path = SubmitTextCodeViewController.swift; sourceTree = "<group>"; };
		FC34BD07230BA67400C5B7E2 /* CMGO.app */ = {isa = PBXFileReference; explicitFileType = wrapper.application; includeInIndex = 0; path = CMGO.app; sourceTree = BUILT_PRODUCTS_DIR; };
		FC34BD0A230BA67400C5B7E2 /* AppDelegate.swift */ = {isa = PBXFileReference; lastKnownFileType = sourcecode.swift; path = AppDelegate.swift; sourceTree = "<group>"; };
		FC34BD0C230BA67400C5B7E2 /* ViewController.swift */ = {isa = PBXFileReference; lastKnownFileType = sourcecode.swift; path = ViewController.swift; sourceTree = "<group>"; };
		FC34BD0F230BA67400C5B7E2 /* Base */ = {isa = PBXFileReference; lastKnownFileType = file.storyboard; name = Base; path = Base.lproj/Main.storyboard; sourceTree = "<group>"; };
		FC34BD11230BA67700C5B7E2 /* Assets.xcassets */ = {isa = PBXFileReference; lastKnownFileType = folder.assetcatalog; path = Assets.xcassets; sourceTree = "<group>"; };
		FC34BD14230BA67700C5B7E2 /* Base */ = {isa = PBXFileReference; lastKnownFileType = file.storyboard; name = Base; path = Base.lproj/LaunchScreen.storyboard; sourceTree = "<group>"; };
		FC34BD16230BA67700C5B7E2 /* Info.plist */ = {isa = PBXFileReference; lastKnownFileType = text.plist.xml; path = Info.plist; sourceTree = "<group>"; };
		FC3E4B3C23424512005B6860 /* MenuViewController.swift */ = {isa = PBXFileReference; lastKnownFileType = sourcecode.swift; path = MenuViewController.swift; sourceTree = "<group>"; };
		FC4BED152344285B000A7A88 /* ExamenTabViewController.swift */ = {isa = PBXFileReference; lastKnownFileType = sourcecode.swift; path = ExamenTabViewController.swift; sourceTree = "<group>"; };
		FC4BED1823442B21000A7A88 /* ExamenCertViewController.swift */ = {isa = PBXFileReference; lastKnownFileType = sourcecode.swift; path = ExamenCertViewController.swift; sourceTree = "<group>"; };
		FC4BED1A2344563F000A7A88 /* EventosTabViewController.swift */ = {isa = PBXFileReference; lastKnownFileType = sourcecode.swift; path = EventosTabViewController.swift; sourceTree = "<group>"; };
		FC4BED1C23446DB2000A7A88 /* Evento.swift */ = {isa = PBXFileReference; lastKnownFileType = sourcecode.swift; path = Evento.swift; sourceTree = "<group>"; };
		FC4BED1E23447191000A7A88 /* Tema.swift */ = {isa = PBXFileReference; lastKnownFileType = sourcecode.swift; path = Tema.swift; sourceTree = "<group>"; };
		FC4BED202344769A000A7A88 /* EventoDetalleViewController.swift */ = {isa = PBXFileReference; lastKnownFileType = sourcecode.swift; path = EventoDetalleViewController.swift; sourceTree = "<group>"; };
		FC4BED222344F3EF000A7A88 /* AreasOportunidadViewController.swift */ = {isa = PBXFileReference; lastKnownFileType = sourcecode.swift; path = AreasOportunidadViewController.swift; sourceTree = "<group>"; };
		FC4BED242344F6B0000A7A88 /* Area.swift */ = {isa = PBXFileReference; lastKnownFileType = sourcecode.swift; path = Area.swift; sourceTree = "<group>"; };
		FC4D11D7231A15B300AD08E2 /* ContactoViewController.swift */ = {isa = PBXFileReference; lastKnownFileType = sourcecode.swift; path = ContactoViewController.swift; sourceTree = "<group>"; };
		FC5EB2C22345868300B57069 /* TemaParent.swift */ = {isa = PBXFileReference; lastKnownFileType = sourcecode.swift; path = TemaParent.swift; sourceTree = "<group>"; };
		FC63A5942318E9B5002B201E /* LoginViewController.swift */ = {isa = PBXFileReference; lastKnownFileType = sourcecode.swift; path = LoginViewController.swift; sourceTree = "<group>"; };
		FC7316F92320ACA000DF5F48 /* ExamenDetalleViewController.swift */ = {isa = PBXFileReference; lastKnownFileType = sourcecode.swift; path = ExamenDetalleViewController.swift; sourceTree = "<group>"; };
		FC7316FB2320B9AD00DF5F48 /* MedicosCertificadosViewController.swift */ = {isa = PBXFileReference; lastKnownFileType = sourcecode.swift; path = MedicosCertificadosViewController.swift; sourceTree = "<group>"; };
		FC7316FD23214CCF00DF5F48 /* CedulaViewController.swift */ = {isa = PBXFileReference; lastKnownFileType = sourcecode.swift; path = CedulaViewController.swift; sourceTree = "<group>"; };
		FC7317012321546700DF5F48 /* CedulaItem.swift */ = {isa = PBXFileReference; lastKnownFileType = sourcecode.swift; path = CedulaItem.swift; sourceTree = "<group>"; };
		FC73A387231EAA3C0003751B /* Test.swift */ = {isa = PBXFileReference; lastKnownFileType = sourcecode.swift; path = Test.swift; sourceTree = "<group>"; };
		FC73A389231EAB760003751B /* TestDate.swift */ = {isa = PBXFileReference; lastKnownFileType = sourcecode.swift; path = TestDate.swift; sourceTree = "<group>"; };
		FC73A38C231EB4980003751B /* TestTableViewCell.swift */ = {isa = PBXFileReference; lastKnownFileType = sourcecode.swift; path = TestTableViewCell.swift; sourceTree = "<group>"; };
		FC8BBD52234D8FA900EE8BE1 /* MiAgendaViewController.swift */ = {isa = PBXFileReference; lastKnownFileType = sourcecode.swift; path = MiAgendaViewController.swift; sourceTree = "<group>"; };
		FC8BBD54234DC18700EE8BE1 /* Notifications.swift */ = {isa = PBXFileReference; lastKnownFileType = sourcecode.swift; path = Notifications.swift; sourceTree = "<group>"; };
		FCA0AEA9231604FE003BC16F /* Slide.swift */ = {isa = PBXFileReference; lastKnownFileType = sourcecode.swift; path = Slide.swift; sourceTree = "<group>"; };
		FCA0AEAC23160C61003BC16F /* Utils.swift */ = {isa = PBXFileReference; lastKnownFileType = sourcecode.swift; path = Utils.swift; sourceTree = "<group>"; };
		FCA0AEAE23161410003BC16F /* EventosViewController.swift */ = {isa = PBXFileReference; lastKnownFileType = sourcecode.swift; path = EventosViewController.swift; sourceTree = "<group>"; };
		FCA0AEB023161446003BC16F /* ExamenViewController.swift */ = {isa = PBXFileReference; lastKnownFileType = sourcecode.swift; path = ExamenViewController.swift; sourceTree = "<group>"; };
		FCEBF211235FB2ED001BB133 /* AreaTemasViewController.swift */ = {isa = PBXFileReference; lastKnownFileType = sourcecode.swift; path = AreaTemasViewController.swift; sourceTree = "<group>"; };
		FCEEBD3A23496F1F008C4783 /* LogoutViewController.swift */ = {isa = PBXFileReference; lastKnownFileType = sourcecode.swift; path = LogoutViewController.swift; sourceTree = "<group>"; };
		FCFC02AA234177410005BACC /* ScannerViewController.swift */ = {isa = PBXFileReference; lastKnownFileType = sourcecode.swift; path = ScannerViewController.swift; sourceTree = "<group>"; };
		FCFC02AC23417B9D0005BACC /* QRScannerViewController.swift */ = {isa = PBXFileReference; lastKnownFileType = sourcecode.swift; path = QRScannerViewController.swift; sourceTree = "<group>"; };
		FCFC02AE23417F710005BACC /* NetworkManager.swift */ = {isa = PBXFileReference; lastKnownFileType = sourcecode.swift; path = NetworkManager.swift; sourceTree = "<group>"; };
		FCFC02B123419B950005BACC /* NoticiasViewController.swift */ = {isa = PBXFileReference; lastKnownFileType = sourcecode.swift; path = NoticiasViewController.swift; sourceTree = "<group>"; };
		FCFC02B623419D360005BACC /* BlogViewController.swift */ = {isa = PBXFileReference; lastKnownFileType = sourcecode.swift; path = BlogViewController.swift; sourceTree = "<group>"; };
		FCFC02B823419D420005BACC /* RedesViewController.swift */ = {isa = PBXFileReference; lastKnownFileType = sourcecode.swift; path = RedesViewController.swift; sourceTree = "<group>"; };
		FCFE71E3234E53D8008EDF38 /* GoogleService-Info.plist */ = {isa = PBXFileReference; fileEncoding = 4; lastKnownFileType = text.plist.xml; path = "GoogleService-Info.plist"; sourceTree = "<group>"; };
/* End PBXFileReference section */

/* Begin PBXFrameworksBuildPhase section */
		FC34BD04230BA67400C5B7E2 /* Frameworks */ = {
			isa = PBXFrameworksBuildPhase;
			buildActionMask = 2147483647;
			files = (
				039F4A115092D0C7952D2A89 /* Pods_CMGO.framework in Frameworks */,
			);
			runOnlyForDeploymentPostprocessing = 0;
		};
/* End PBXFrameworksBuildPhase section */

/* Begin PBXGroup section */
		15AF40A8C9A175936980CEBF /* Pods */ = {
			isa = PBXGroup;
			children = (
				01DAF0A909501F6EA05DDCE6 /* Pods-CMGO.debug.xcconfig */,
				BD11CE6B6C221C821AE88B67 /* Pods-CMGO.release.xcconfig */,
			);
			path = Pods;
			sourceTree = "<group>";
		};
		3B6DD9BD4F4E4EA71B23FA5D /* Frameworks */ = {
			isa = PBXGroup;
			children = (
				871F74E7642359D457C57C76 /* Pods_CMGO.framework */,
			);
			name = Frameworks;
			sourceTree = "<group>";
		};
		FC34BCFE230BA67400C5B7E2 = {
			isa = PBXGroup;
			children = (
				FC34BD09230BA67400C5B7E2 /* CMGO */,
				FC34BD08230BA67400C5B7E2 /* Products */,
				15AF40A8C9A175936980CEBF /* Pods */,
				3B6DD9BD4F4E4EA71B23FA5D /* Frameworks */,
			);
			sourceTree = "<group>";
		};
		FC34BD08230BA67400C5B7E2 /* Products */ = {
			isa = PBXGroup;
			children = (
				FC34BD07230BA67400C5B7E2 /* CMGO.app */,
			);
			name = Products;
			sourceTree = "<group>";
		};
		FC34BD09230BA67400C5B7E2 /* CMGO */ = {
			isa = PBXGroup;
			children = (
				FC73A38B231EB4780003751B /* Views */,
				FCA0AEAB23160C57003BC16F /* Common */,
				FCA0AEA8231604E7003BC16F /* Models */,
				FCFC02B323419BA40005BACC /* View Controllers */,
				FC34BD0A230BA67400C5B7E2 /* AppDelegate.swift */,
				FC34BD0E230BA67400C5B7E2 /* Main.storyboard */,
				FC34BD11230BA67700C5B7E2 /* Assets.xcassets */,
				FC34BD13230BA67700C5B7E2 /* LaunchScreen.storyboard */,
				FCFE71E3234E53D8008EDF38 /* GoogleService-Info.plist */,
				FC34BD16230BA67700C5B7E2 /* Info.plist */,
			);
			path = CMGO;
			sourceTree = "<group>";
		};
		FC4BED1723442B08000A7A88 /* Examen */ = {
			isa = PBXGroup;
			children = (
				FC4BED152344285B000A7A88 /* ExamenTabViewController.swift */,
				FCA0AEB023161446003BC16F /* ExamenViewController.swift */,
				FC7316F92320ACA000DF5F48 /* ExamenDetalleViewController.swift */,
				FC4BED1823442B21000A7A88 /* ExamenCertViewController.swift */,
				FC4BED222344F3EF000A7A88 /* AreasOportunidadViewController.swift */,
				FCEBF211235FB2ED001BB133 /* AreaTemasViewController.swift */,
			);
			name = Examen;
			sourceTree = "<group>";
		};
		FC73A38B231EB4780003751B /* Views */ = {
			isa = PBXGroup;
			children = (
				FC73A38C231EB4980003751B /* TestTableViewCell.swift */,
				FC0A444723215DC4009338A7 /* CedulaTableViewCell.swift */,
				FC0A444923215F27009338A7 /* CedTableViewCell.swift */,
			);
			name = Views;
			sourceTree = "<group>";
		};
		FCA0AEA8231604E7003BC16F /* Models */ = {
			isa = PBXGroup;
			children = (
				FCA0AEA9231604FE003BC16F /* Slide.swift */,
				FC73A387231EAA3C0003751B /* Test.swift */,
				FC73A389231EAB760003751B /* TestDate.swift */,
				FC7317012321546700DF5F48 /* CedulaItem.swift */,
				FC4BED1C23446DB2000A7A88 /* Evento.swift */,
				FC4BED1E23447191000A7A88 /* Tema.swift */,
				FC4BED242344F6B0000A7A88 /* Area.swift */,
				FC5EB2C22345868300B57069 /* TemaParent.swift */,
			);
			name = Models;
			sourceTree = "<group>";
		};
		FCA0AEAB23160C57003BC16F /* Common */ = {
			isa = PBXGroup;
			children = (
				FCA0AEAC23160C61003BC16F /* Utils.swift */,
				FC0DA238234038ED0076549D /* ColorPalette.swift */,
				FCFC02AE23417F710005BACC /* NetworkManager.swift */,
				FC8BBD54234DC18700EE8BE1 /* Notifications.swift */,
			);
			name = Common;
			sourceTree = "<group>";
		};
		FCFC02B323419BA40005BACC /* View Controllers */ = {
			isa = PBXGroup;
			children = (
				FC3E4B3C23424512005B6860 /* MenuViewController.swift */,
				FC34BD0C230BA67400C5B7E2 /* ViewController.swift */,
				FC4BED1A2344563F000A7A88 /* EventosTabViewController.swift */,
				FCA0AEAE23161410003BC16F /* EventosViewController.swift */,
				FC4BED202344769A000A7A88 /* EventoDetalleViewController.swift */,
				FC63A5942318E9B5002B201E /* LoginViewController.swift */,
				FC4D11D7231A15B300AD08E2 /* ContactoViewController.swift */,
				FC7316FB2320B9AD00DF5F48 /* MedicosCertificadosViewController.swift */,
				FC7316FD23214CCF00DF5F48 /* CedulaViewController.swift */,
				FC8BBD52234D8FA900EE8BE1 /* MiAgendaViewController.swift */,
				FC4BED1723442B08000A7A88 /* Examen */,
				FCFC02B423419BC40005BACC /* Vigencia */,
				FCFC02B523419BD40005BACC /* Noticias */,
				FCEEBD3A23496F1F008C4783 /* LogoutViewController.swift */,
			);
			name = "View Controllers";
			sourceTree = "<group>";
		};
		FCFC02B423419BC40005BACC /* Vigencia */ = {
			isa = PBXGroup;
			children = (
				FC0DA236234032B60076549D /* VigenciaTabViewController.swift */,
				FC0DA23A23403EDA0076549D /* InstructionsViewController.swift */,
				FC0DA23C234052470076549D /* SubmitTextCodeViewController.swift */,
				FCFC02AA234177410005BACC /* ScannerViewController.swift */,
				FCFC02AC23417B9D0005BACC /* QRScannerViewController.swift */,
			);
			name = Vigencia;
			sourceTree = "<group>";
		};
		FCFC02B523419BD40005BACC /* Noticias */ = {
			isa = PBXGroup;
			children = (
				FCFC02B123419B950005BACC /* NoticiasViewController.swift */,
				FCFC02B623419D360005BACC /* BlogViewController.swift */,
				FCFC02B823419D420005BACC /* RedesViewController.swift */,
			);
			name = Noticias;
			sourceTree = "<group>";
		};
/* End PBXGroup section */

/* Begin PBXNativeTarget section */
		FC34BD06230BA67400C5B7E2 /* CMGO */ = {
			isa = PBXNativeTarget;
			buildConfigurationList = FC34BD19230BA67700C5B7E2 /* Build configuration list for PBXNativeTarget "CMGO" */;
			buildPhases = (
				BC7F8DBC71AE20B7D2C70E91 /* [CP] Check Pods Manifest.lock */,
				FC34BD03230BA67400C5B7E2 /* Sources */,
				FC34BD04230BA67400C5B7E2 /* Frameworks */,
				FC34BD05230BA67400C5B7E2 /* Resources */,
				0C44133B9BF2866FE844CE0E /* [CP] Embed Pods Frameworks */,
				F6C4B68F320E7940AA8D37EE /* [CP] Copy Pods Resources */,
			);
			buildRules = (
			);
			dependencies = (
			);
			name = CMGO;
			productName = CMGO;
			productReference = FC34BD07230BA67400C5B7E2 /* CMGO.app */;
			productType = "com.apple.product-type.application";
		};
/* End PBXNativeTarget section */

/* Begin PBXProject section */
		FC34BCFF230BA67400C5B7E2 /* Project object */ = {
			isa = PBXProject;
			attributes = {
				LastSwiftUpdateCheck = 1030;
				LastUpgradeCheck = 1030;
				ORGANIZATIONNAME = iddeas;
				TargetAttributes = {
					FC34BD06230BA67400C5B7E2 = {
						CreatedOnToolsVersion = 10.3;
					};
				};
			};
			buildConfigurationList = FC34BD02230BA67400C5B7E2 /* Build configuration list for PBXProject "CMGO" */;
			compatibilityVersion = "Xcode 9.3";
			developmentRegion = en;
			hasScannedForEncodings = 0;
			knownRegions = (
				en,
				Base,
			);
			mainGroup = FC34BCFE230BA67400C5B7E2;
			productRefGroup = FC34BD08230BA67400C5B7E2 /* Products */;
			projectDirPath = "";
			projectRoot = "";
			targets = (
				FC34BD06230BA67400C5B7E2 /* CMGO */,
			);
		};
/* End PBXProject section */

/* Begin PBXResourcesBuildPhase section */
		FC34BD05230BA67400C5B7E2 /* Resources */ = {
			isa = PBXResourcesBuildPhase;
			buildActionMask = 2147483647;
			files = (
				FC34BD15230BA67700C5B7E2 /* LaunchScreen.storyboard in Resources */,
				FCFE71E4234E53D9008EDF38 /* GoogleService-Info.plist in Resources */,
				FC34BD12230BA67700C5B7E2 /* Assets.xcassets in Resources */,
				FC34BD10230BA67400C5B7E2 /* Main.storyboard in Resources */,
			);
			runOnlyForDeploymentPostprocessing = 0;
		};
/* End PBXResourcesBuildPhase section */

/* Begin PBXShellScriptBuildPhase section */
		0C44133B9BF2866FE844CE0E /* [CP] Embed Pods Frameworks */ = {
			isa = PBXShellScriptBuildPhase;
			buildActionMask = 2147483647;
			files = (
			);
			inputFileListPaths = (
				"${PODS_ROOT}/Target Support Files/Pods-CMGO/Pods-CMGO-frameworks-${CONFIGURATION}-input-files.xcfilelist",
			);
			name = "[CP] Embed Pods Frameworks";
			outputFileListPaths = (
				"${PODS_ROOT}/Target Support Files/Pods-CMGO/Pods-CMGO-frameworks-${CONFIGURATION}-output-files.xcfilelist",
			);
			runOnlyForDeploymentPostprocessing = 0;
			shellPath = /bin/sh;
			shellScript = "\"${PODS_ROOT}/Target Support Files/Pods-CMGO/Pods-CMGO-frameworks.sh\"\n";
			showEnvVarsInLog = 0;
		};
		BC7F8DBC71AE20B7D2C70E91 /* [CP] Check Pods Manifest.lock */ = {
			isa = PBXShellScriptBuildPhase;
			buildActionMask = 2147483647;
			files = (
			);
			inputFileListPaths = (
			);
			inputPaths = (
				"${PODS_PODFILE_DIR_PATH}/Podfile.lock",
				"${PODS_ROOT}/Manifest.lock",
			);
			name = "[CP] Check Pods Manifest.lock";
			outputFileListPaths = (
			);
			outputPaths = (
				"$(DERIVED_FILE_DIR)/Pods-CMGO-checkManifestLockResult.txt",
			);
			runOnlyForDeploymentPostprocessing = 0;
			shellPath = /bin/sh;
			shellScript = "diff \"${PODS_PODFILE_DIR_PATH}/Podfile.lock\" \"${PODS_ROOT}/Manifest.lock\" > /dev/null\nif [ $? != 0 ] ; then\n    # print error to STDERR\n    echo \"error: The sandbox is not in sync with the Podfile.lock. Run 'pod install' or update your CocoaPods installation.\" >&2\n    exit 1\nfi\n# This output is used by Xcode 'outputs' to avoid re-running this script phase.\necho \"SUCCESS\" > \"${SCRIPT_OUTPUT_FILE_0}\"\n";
			showEnvVarsInLog = 0;
		};
		F6C4B68F320E7940AA8D37EE /* [CP] Copy Pods Resources */ = {
			isa = PBXShellScriptBuildPhase;
			buildActionMask = 2147483647;
			files = (
			);
			inputFileListPaths = (
				"${PODS_ROOT}/Target Support Files/Pods-CMGO/Pods-CMGO-resources-${CONFIGURATION}-input-files.xcfilelist",
			);
			name = "[CP] Copy Pods Resources";
			outputFileListPaths = (
				"${PODS_ROOT}/Target Support Files/Pods-CMGO/Pods-CMGO-resources-${CONFIGURATION}-output-files.xcfilelist",
			);
			runOnlyForDeploymentPostprocessing = 0;
			shellPath = /bin/sh;
			shellScript = "\"${PODS_ROOT}/Target Support Files/Pods-CMGO/Pods-CMGO-resources.sh\"\n";
			showEnvVarsInLog = 0;
		};
/* End PBXShellScriptBuildPhase section */

/* Begin PBXSourcesBuildPhase section */
		FC34BD03230BA67400C5B7E2 /* Sources */ = {
			isa = PBXSourcesBuildPhase;
			buildActionMask = 2147483647;
			files = (
				FC8BBD55234DC18700EE8BE1 /* Notifications.swift in Sources */,
				FC63A5952318E9B5002B201E /* LoginViewController.swift in Sources */,
				FC3E4B3D23424512005B6860 /* MenuViewController.swift in Sources */,
				FC4D11D8231A15B300AD08E2 /* ContactoViewController.swift in Sources */,
				FC0DA237234032B60076549D /* VigenciaTabViewController.swift in Sources */,
				FC4BED1923442B21000A7A88 /* ExamenCertViewController.swift in Sources */,
				FC4BED212344769A000A7A88 /* EventoDetalleViewController.swift in Sources */,
				FC7316FE23214CCF00DF5F48 /* CedulaViewController.swift in Sources */,
				FCA0AEAF23161410003BC16F /* EventosViewController.swift in Sources */,
				FCFC02AD23417B9D0005BACC /* QRScannerViewController.swift in Sources */,
				FCFC02B723419D360005BACC /* BlogViewController.swift in Sources */,
				FC73A38A231EAB760003751B /* TestDate.swift in Sources */,
				FCA0AEAA231604FE003BC16F /* Slide.swift in Sources */,
				FC5EB2C32345868300B57069 /* TemaParent.swift in Sources */,
				FCFC02AB234177420005BACC /* ScannerViewController.swift in Sources */,
				FC34BD0D230BA67400C5B7E2 /* ViewController.swift in Sources */,
				FC7316FA2320ACA000DF5F48 /* ExamenDetalleViewController.swift in Sources */,
				FCFC02B923419D420005BACC /* RedesViewController.swift in Sources */,
				FC0A444A23215F27009338A7 /* CedTableViewCell.swift in Sources */,
				FC73A388231EAA3C0003751B /* Test.swift in Sources */,
				FC4BED1F23447191000A7A88 /* Tema.swift in Sources */,
				FC73A38D231EB4980003751B /* TestTableViewCell.swift in Sources */,
				FC8BBD53234D8FA900EE8BE1 /* MiAgendaViewController.swift in Sources */,
				FC4BED162344285B000A7A88 /* ExamenTabViewController.swift in Sources */,
				FC34BD0B230BA67400C5B7E2 /* AppDelegate.swift in Sources */,
				FCFC02B223419B950005BACC /* NoticiasViewController.swift in Sources */,
				FC0A444823215DC4009338A7 /* CedulaTableViewCell.swift in Sources */,
				FCEBF212235FB2ED001BB133 /* AreaTemasViewController.swift in Sources */,
				FCFC02AF23417F710005BACC /* NetworkManager.swift in Sources */,
				FC4BED1B2344563F000A7A88 /* EventosTabViewController.swift in Sources */,
				FC4BED1D23446DB2000A7A88 /* Evento.swift in Sources */,
				FC0DA239234038ED0076549D /* ColorPalette.swift in Sources */,
				FC4BED232344F3EF000A7A88 /* AreasOportunidadViewController.swift in Sources */,
				FC7316FC2320B9AD00DF5F48 /* MedicosCertificadosViewController.swift in Sources */,
				FCA0AEB123161446003BC16F /* ExamenViewController.swift in Sources */,
				FC7317022321546700DF5F48 /* CedulaItem.swift in Sources */,
				FC0DA23D234052470076549D /* SubmitTextCodeViewController.swift in Sources */,
				FCEEBD3B23496F1F008C4783 /* LogoutViewController.swift in Sources */,
				FC0DA23B23403EDA0076549D /* InstructionsViewController.swift in Sources */,
				FC4BED252344F6B0000A7A88 /* Area.swift in Sources */,
				FCA0AEAD23160C61003BC16F /* Utils.swift in Sources */,
			);
			runOnlyForDeploymentPostprocessing = 0;
		};
/* End PBXSourcesBuildPhase section */

/* Begin PBXVariantGroup section */
		FC34BD0E230BA67400C5B7E2 /* Main.storyboard */ = {
			isa = PBXVariantGroup;
			children = (
				FC34BD0F230BA67400C5B7E2 /* Base */,
			);
			name = Main.storyboard;
			sourceTree = "<group>";
		};
		FC34BD13230BA67700C5B7E2 /* LaunchScreen.storyboard */ = {
			isa = PBXVariantGroup;
			children = (
				FC34BD14230BA67700C5B7E2 /* Base */,
			);
			name = LaunchScreen.storyboard;
			sourceTree = "<group>";
		};
/* End PBXVariantGroup section */

/* Begin XCBuildConfiguration section */
		FC34BD17230BA67700C5B7E2 /* Debug */ = {
			isa = XCBuildConfiguration;
			buildSettings = {
				ALWAYS_SEARCH_USER_PATHS = NO;
				CLANG_ANALYZER_NONNULL = YES;
				CLANG_ANALYZER_NUMBER_OBJECT_CONVERSION = YES_AGGRESSIVE;
				CLANG_CXX_LANGUAGE_STANDARD = "gnu++14";
				CLANG_CXX_LIBRARY = "libc++";
				CLANG_ENABLE_MODULES = YES;
				CLANG_ENABLE_OBJC_ARC = YES;
				CLANG_ENABLE_OBJC_WEAK = YES;
				CLANG_WARN_BLOCK_CAPTURE_AUTORELEASING = YES;
				CLANG_WARN_BOOL_CONVERSION = YES;
				CLANG_WARN_COMMA = YES;
				CLANG_WARN_CONSTANT_CONVERSION = YES;
				CLANG_WARN_DEPRECATED_OBJC_IMPLEMENTATIONS = YES;
				CLANG_WARN_DIRECT_OBJC_ISA_USAGE = YES_ERROR;
				CLANG_WARN_DOCUMENTATION_COMMENTS = YES;
				CLANG_WARN_EMPTY_BODY = YES;
				CLANG_WARN_ENUM_CONVERSION = YES;
				CLANG_WARN_INFINITE_RECURSION = YES;
				CLANG_WARN_INT_CONVERSION = YES;
				CLANG_WARN_NON_LITERAL_NULL_CONVERSION = YES;
				CLANG_WARN_OBJC_IMPLICIT_RETAIN_SELF = YES;
				CLANG_WARN_OBJC_LITERAL_CONVERSION = YES;
				CLANG_WARN_OBJC_ROOT_CLASS = YES_ERROR;
				CLANG_WARN_RANGE_LOOP_ANALYSIS = YES;
				CLANG_WARN_STRICT_PROTOTYPES = YES;
				CLANG_WARN_SUSPICIOUS_MOVE = YES;
				CLANG_WARN_UNGUARDED_AVAILABILITY = YES_AGGRESSIVE;
				CLANG_WARN_UNREACHABLE_CODE = YES;
				CLANG_WARN__DUPLICATE_METHOD_MATCH = YES;
				CODE_SIGN_IDENTITY = "iPhone Developer";
				COPY_PHASE_STRIP = NO;
				DEBUG_INFORMATION_FORMAT = dwarf;
				ENABLE_STRICT_OBJC_MSGSEND = YES;
				ENABLE_TESTABILITY = YES;
				GCC_C_LANGUAGE_STANDARD = gnu11;
				GCC_DYNAMIC_NO_PIC = NO;
				GCC_NO_COMMON_BLOCKS = YES;
				GCC_OPTIMIZATION_LEVEL = 0;
				GCC_PREPROCESSOR_DEFINITIONS = (
					"DEBUG=1",
					"$(inherited)",
				);
				GCC_WARN_64_TO_32_BIT_CONVERSION = YES;
				GCC_WARN_ABOUT_RETURN_TYPE = YES_ERROR;
				GCC_WARN_UNDECLARED_SELECTOR = YES;
				GCC_WARN_UNINITIALIZED_AUTOS = YES_AGGRESSIVE;
				GCC_WARN_UNUSED_FUNCTION = YES;
				GCC_WARN_UNUSED_VARIABLE = YES;
				IPHONEOS_DEPLOYMENT_TARGET = 12.4;
				MTL_ENABLE_DEBUG_INFO = INCLUDE_SOURCE;
				MTL_FAST_MATH = YES;
				ONLY_ACTIVE_ARCH = YES;
				SDKROOT = iphoneos;
				SWIFT_ACTIVE_COMPILATION_CONDITIONS = DEBUG;
				SWIFT_OPTIMIZATION_LEVEL = "-Onone";
			};
			name = Debug;
		};
		FC34BD18230BA67700C5B7E2 /* Release */ = {
			isa = XCBuildConfiguration;
			buildSettings = {
				ALWAYS_SEARCH_USER_PATHS = NO;
				CLANG_ANALYZER_NONNULL = YES;
				CLANG_ANALYZER_NUMBER_OBJECT_CONVERSION = YES_AGGRESSIVE;
				CLANG_CXX_LANGUAGE_STANDARD = "gnu++14";
				CLANG_CXX_LIBRARY = "libc++";
				CLANG_ENABLE_MODULES = YES;
				CLANG_ENABLE_OBJC_ARC = YES;
				CLANG_ENABLE_OBJC_WEAK = YES;
				CLANG_WARN_BLOCK_CAPTURE_AUTORELEASING = YES;
				CLANG_WARN_BOOL_CONVERSION = YES;
				CLANG_WARN_COMMA = YES;
				CLANG_WARN_CONSTANT_CONVERSION = YES;
				CLANG_WARN_DEPRECATED_OBJC_IMPLEMENTATIONS = YES;
				CLANG_WARN_DIRECT_OBJC_ISA_USAGE = YES_ERROR;
				CLANG_WARN_DOCUMENTATION_COMMENTS = YES;
				CLANG_WARN_EMPTY_BODY = YES;
				CLANG_WARN_ENUM_CONVERSION = YES;
				CLANG_WARN_INFINITE_RECURSION = YES;
				CLANG_WARN_INT_CONVERSION = YES;
				CLANG_WARN_NON_LITERAL_NULL_CONVERSION = YES;
				CLANG_WARN_OBJC_IMPLICIT_RETAIN_SELF = YES;
				CLANG_WARN_OBJC_LITERAL_CONVERSION = YES;
				CLANG_WARN_OBJC_ROOT_CLASS = YES_ERROR;
				CLANG_WARN_RANGE_LOOP_ANALYSIS = YES;
				CLANG_WARN_STRICT_PROTOTYPES = YES;
				CLANG_WARN_SUSPICIOUS_MOVE = YES;
				CLANG_WARN_UNGUARDED_AVAILABILITY = YES_AGGRESSIVE;
				CLANG_WARN_UNREACHABLE_CODE = YES;
				CLANG_WARN__DUPLICATE_METHOD_MATCH = YES;
				CODE_SIGN_IDENTITY = "iPhone Developer";
				COPY_PHASE_STRIP = NO;
				DEBUG_INFORMATION_FORMAT = "dwarf-with-dsym";
				ENABLE_NS_ASSERTIONS = NO;
				ENABLE_STRICT_OBJC_MSGSEND = YES;
				GCC_C_LANGUAGE_STANDARD = gnu11;
				GCC_NO_COMMON_BLOCKS = YES;
				GCC_WARN_64_TO_32_BIT_CONVERSION = YES;
				GCC_WARN_ABOUT_RETURN_TYPE = YES_ERROR;
				GCC_WARN_UNDECLARED_SELECTOR = YES;
				GCC_WARN_UNINITIALIZED_AUTOS = YES_AGGRESSIVE;
				GCC_WARN_UNUSED_FUNCTION = YES;
				GCC_WARN_UNUSED_VARIABLE = YES;
				IPHONEOS_DEPLOYMENT_TARGET = 12.4;
				MTL_ENABLE_DEBUG_INFO = NO;
				MTL_FAST_MATH = YES;
				SDKROOT = iphoneos;
				SWIFT_COMPILATION_MODE = wholemodule;
				SWIFT_OPTIMIZATION_LEVEL = "-O";
				VALIDATE_PRODUCT = YES;
			};
			name = Release;
		};
		FC34BD1A230BA67700C5B7E2 /* Debug */ = {
			isa = XCBuildConfiguration;
			baseConfigurationReference = 01DAF0A909501F6EA05DDCE6 /* Pods-CMGO.debug.xcconfig */;
			buildSettings = {
				ASSETCATALOG_COMPILER_APPICON_NAME = AppIcon;
				CODE_SIGN_STYLE = Automatic;
				DEVELOPMENT_TEAM = 8T45LUM379;
				INFOPLIST_FILE = CMGO/Info.plist;
				IPHONEOS_DEPLOYMENT_TARGET = 12.4;
				LD_RUNPATH_SEARCH_PATHS = (
					"$(inherited)",
					"@executable_path/Frameworks",
				);
				PRODUCT_BUNDLE_IDENTIFIER = org.cmgo;
				PRODUCT_NAME = "$(TARGET_NAME)";
				SWIFT_VERSION = 5.0;
				TARGETED_DEVICE_FAMILY = "1,2";
			};
			name = Debug;
		};
		FC34BD1B230BA67700C5B7E2 /* Release */ = {
			isa = XCBuildConfiguration;
			baseConfigurationReference = BD11CE6B6C221C821AE88B67 /* Pods-CMGO.release.xcconfig */;
			buildSettings = {
				ASSETCATALOG_COMPILER_APPICON_NAME = AppIcon;
				CODE_SIGN_STYLE = Automatic;
				DEVELOPMENT_TEAM = 8T45LUM379;
				INFOPLIST_FILE = CMGO/Info.plist;
				IPHONEOS_DEPLOYMENT_TARGET = 12.4;
				LD_RUNPATH_SEARCH_PATHS = (
					"$(inherited)",
					"@executable_path/Frameworks",
				);
				PRODUCT_BUNDLE_IDENTIFIER = org.cmgo;
				PRODUCT_NAME = "$(TARGET_NAME)";
				SWIFT_VERSION = 5.0;
				TARGETED_DEVICE_FAMILY = "1,2";
			};
			name = Release;
		};
/* End XCBuildConfiguration section */

/* Begin XCConfigurationList section */
		FC34BD02230BA67400C5B7E2 /* Build configuration list for PBXProject "CMGO" */ = {
			isa = XCConfigurationList;
			buildConfigurations = (
				FC34BD17230BA67700C5B7E2 /* Debug */,
				FC34BD18230BA67700C5B7E2 /* Release */,
			);
			defaultConfigurationIsVisible = 0;
			defaultConfigurationName = Release;
		};
		FC34BD19230BA67700C5B7E2 /* Build configuration list for PBXNativeTarget "CMGO" */ = {
			isa = XCConfigurationList;
			buildConfigurations = (
				FC34BD1A230BA67700C5B7E2 /* Debug */,
				FC34BD1B230BA67700C5B7E2 /* Release */,
			);
			defaultConfigurationIsVisible = 0;
			defaultConfigurationName = Release;
		};
/* End XCConfigurationList section */
	};
	rootObject = FC34BCFF230BA67400C5B7E2 /* Project object */;
}
