PODS:
  - Alamofire (4.8.2)
  - AlamofireImage (3.5.2):
    - Alamofire (~> 4.8)
  - AutoInsetter (1.8.0)
  - Firebase/Core (6.1.0):
    - Firebase/CoreOnly
    - FirebaseAnalytics (= 6.0.1)
  - Firebase/CoreOnly (6.1.0):
    - FirebaseCore (= 6.0.1)
  - Firebase/Messaging (6.1.0):
    - Firebase/CoreOnly
    - FirebaseMessaging (~> 4.0.1)
  - FirebaseAnalytics (6.0.1):
    - FirebaseCore (~> 6.0)
    - FirebaseInstanceID (~> 4.1)
    - GoogleAppMeasurement (= 6.0.1)
    - GoogleUtilities/AppDelegateSwizzler (~> 6.0)
    - GoogleUtilities/MethodSwizzler (~> 6.0)
    - GoogleUtilities/Network (~> 6.0)
    - "GoogleUtilities/NSData+zlib (~> 6.0)"
    - nanopb (~> 0.3)
  - FirebaseAnalyticsInterop (1.2.0)
  - FirebaseCore (6.0.1):
    - GoogleUtilities/Environment (~> 6.0)
    - GoogleUtilities/Logger (~> 6.0)
  - FirebaseInstanceID (4.1.0):
    - FirebaseCore (~> 6.0)
    - GoogleUtilities/Environment (~> 6.0)
    - GoogleUtilities/UserDefaults (~> 6.0)
  - FirebaseMessaging (4.0.1):
    - FirebaseAnalyticsInterop (~> 1.1)
    - FirebaseCore (~> 6.0)
    - FirebaseInstanceID (~> 4.1)
    - GoogleUtilities/AppDelegateSwizzler (~> 6.0)
    - GoogleUtilities/Environment (~> 6.0)
    - GoogleUtilities/Reachability (~> 6.0)
    - GoogleUtilities/UserDefaults (~> 6.0)
    - Protobuf (~> 3.1)
  - GoogleAppMeasurement (6.0.1):
    - GoogleUtilities/AppDelegateSwizzler (~> 6.0)
    - GoogleUtilities/MethodSwizzler (~> 6.0)
    - GoogleUtilities/Network (~> 6.0)
    - "GoogleUtilities/NSData+zlib (~> 6.0)"
    - nanopb (~> 0.3)
  - GoogleMaps (3.1.0):
    - GoogleMaps/Maps (= 3.1.0)
  - GoogleMaps/Base (3.1.0)
  - GoogleMaps/Maps (3.1.0):
    - GoogleMaps/Base
  - GoogleUtilities/AppDelegateSwizzler (6.2.0):
    - GoogleUtilities/Environment
    - GoogleUtilities/Logger
    - GoogleUtilities/Network
  - GoogleUtilities/Environment (6.2.0)
  - GoogleUtilities/Logger (6.2.0):
    - GoogleUtilities/Environment
  - GoogleUtilities/MethodSwizzler (6.2.0):
    - GoogleUtilities/Logger
  - GoogleUtilities/Network (6.2.0):
    - GoogleUtilities/Logger
    - "GoogleUtilities/NSData+zlib"
    - GoogleUtilities/Reachability
  - "GoogleUtilities/NSData+zlib (6.2.0)"
  - GoogleUtilities/Reachability (6.2.0):
    - GoogleUtilities/Logger
  - GoogleUtilities/UserDefaults (6.2.0):
    - GoogleUtilities/Logger
  - ImageSlideshow (1.8.0):
    - ImageSlideshow/Core (= 1.8.0)
  - ImageSlideshow/Alamofire (1.8.0):
    - AlamofireImage (~> 3.0)
    - ImageSlideshow/Core
  - ImageSlideshow/Core (1.8.0)
  - KeychainAccess (3.2.0)
  - nanopb (0.3.901):
    - nanopb/decode (= 0.3.901)
    - nanopb/encode (= 0.3.901)
  - nanopb/decode (0.3.901)
  - nanopb/encode (0.3.901)
  - Pageboy (3.4.0)
  - Protobuf (3.8.0)
  - SideMenu (6.4.2)
  - SwiftyJSON (5.0.0)
  - Tabman (2.6.1):
    - AutoInsetter (~> 1.8.0)
    - Pageboy (~> 3.4.0)

DEPENDENCIES:
  - Alamofire
  - Firebase/Core
  - Firebase/Messaging
  - GoogleMaps
  - ImageSlideshow (~> 1.8)
  - ImageSlideshow/Alamofire
  - KeychainAccess
  - SideMenu
  - SwiftyJSON
  - Tabman (~> 2.4)

SPEC REPOS:
  https://github.com/cocoapods/specs.git:
    - Alamofire
    - AlamofireImage
    - AutoInsetter
    - Firebase
    - FirebaseAnalytics
    - FirebaseAnalyticsInterop
    - FirebaseCore
    - FirebaseInstanceID
    - FirebaseMessaging
    - GoogleAppMeasurement
    - GoogleMaps
    - GoogleUtilities
    - ImageSlideshow
    - KeychainAccess
    - nanopb
    - Pageboy
    - Protobuf
    - SideMenu
    - SwiftyJSON
    - Tabman

SPEC CHECKSUMS:
  Alamofire: ae5c501addb7afdbb13687d7f2f722c78734c2d3
  AlamofireImage: 63cfe3baf1370be6c498149687cf6db3e3b00999
  AutoInsetter: 0b90ca74e36561c340129045a3722c51a0b15c58
  Firebase: 8d77bb33624ae9b62d745d82ec023de5f70f7e4f
  FirebaseAnalytics: 629301c2b9925f3537d4093a17a72751ae5b7084
  FirebaseAnalyticsInterop: efbe45c8385ec626e29f9525e5ebd38520dfb6c1
  FirebaseCore: 66bdef3b310a026880e2a5bc8aa586ab62ce4543
  FirebaseInstanceID: 27bed93a59b6685f5c3e0c028a878a764fd75c33
  FirebaseMessaging: 31377e05331d16dc6c9fd82554f9a5c49aa70aed
  GoogleAppMeasurement: 51d8d9ea48f0ca44484d29cfbdef976fbd4fc336
  GoogleMaps: 5c13302e6fe6bb6e686b267196586b91cd594225
  GoogleUtilities: 996e0db07153674fd1b54b220fda3a3dc3547cba
  ImageSlideshow: 197130fe349aafa9446f54277c792551d41eadf9
  KeychainAccess: 3b1bf8a77eb4c6ea1ce9404c292e48f948954c6b
  nanopb: 2901f78ea1b7b4015c860c2fdd1ea2fee1a18d48
  Pageboy: fd23a9b9e8156f4fac62731637f5d6f7d1e1c3aa
  Protobuf: 3f617b9a6e73605565086864c9bc26b2bf2dd5a3
  SideMenu: 393b7e245d465d7b65bf209d3263eb3f62a199db
  SwiftyJSON: 36413e04c44ee145039d332b4f4e2d3e8d6c4db7
  Tabman: 2a8d767aa8c791617787f1567bdf081caf8835db

PODFILE CHECKSUM: fb792026d32648df838874427c5532d2e3221acb

COCOAPODS: 1.7.0
